<Solution>
  <Folder Name="/src/">
    <Project Path="src/WayFinder.DevTools.Application/WayFinder.DevTools.Application.csproj" />
    <Project Path="src/WayFinder.DevTools.Cli/WayFinder.DevTools.Cli.csproj" />
    <Project Path="src/WayFinder.DevTools.Infrastructure/WayFinder.DevTools.Infrastructure.csproj" />
    <Project Path="src/WayFinder.DevTools.Mcp/WayFinder.DevTools.Mcp.csproj" />
  </Folder>
  <Folder Name="/tests/">
    <Project Path="tests/WayFinder.DevTools.Infrastructure.Tests/WayFinder.DevTools.Infrastructure.Tests.csproj" />
  </Folder>
</Solution>
